
Microsoft Visual Studio Solution File, Format Version 12.00
# Visual Studio 15
VisualStudioVersion = 15.0.28010.2036
MinimumVisualStudioVersion = 10.0.40219.1
Project("{FAE04EC0-301F-11D3-BF4B-00C04F79EFBC}") = "WPFDemoProject", "WPFDemoProject\WPFDemoProject.csproj", "{5B2BBBFA-0D6B-4955-AFCA-32277C069D9D}"
EndProject
Global
	GlobalSection(SolutionConfigurationPlatforms) = preSolution
		Debug|Any CPU = Debug|Any CPU
		Release|Any CPU = Release|Any CPU
	EndGlobalSection
	GlobalSection(ProjectConfigurationPlatforms) = postSolution
		{5B2BBBFA-0D6B-4955-AFCA-32277C069D9D}.Debug|Any CPU.ActiveCfg = Debug|Any CPU
		{5B2BBBFA-0D6B-4955-AFCA-32277C069D9D}.Debug|Any CPU.Build.0 = Debug|Any CPU
		{5B2BBBFA-0D6B-4955-AFCA-32277C069D9D}.Release|Any CPU.ActiveCfg = Release|Any CPU
		{5B2BBBFA-0D6B-4955-AFCA-32277C069D9D}.Release|Any CPU.Build.0 = Release|Any CPU
	EndGlobalSection
	GlobalSection(SolutionProperties) = preSolution
		HideSolutionNode = FALSE
	EndGlobalSection
	GlobalSection(ExtensibilityGlobals) = postSolution
		SolutionGuid = {34EEC082-3C51-4EEB-9082-E4B84EBC338F}
	EndGlobalSection
EndGlobal
